
Microsoft Visual Studio Solution File, Format Version 12.00
# Visual Studio Version 17
VisualStudioVersion = 17.9.34723.18
MinimumVisualStudioVersion = 10.0.40219.1
Project("{FAE04EC0-301F-11D3-BF4B-00C04F79EFBC}") = "Practica01", "Practica01\Practica01.csproj", "{56053881-434E-4F95-8B2B-68A3CB109B8D}"
EndProject
Global
	GlobalSection(SolutionConfigurationPlatforms) = preSolution
		Debug|Any CPU = Debug|Any CPU
		Release|Any CPU = Release|Any CPU
	EndGlobalSection
	GlobalSection(ProjectConfigurationPlatforms) = postSolution
		{56053881-434E-4F95-8B2B-68A3CB109B8D}.Debug|Any CPU.ActiveCfg = Debug|Any CPU
		{56053881-434E-4F95-8B2B-68A3CB109B8D}.Debug|Any CPU.Build.0 = Debug|Any CPU
		{56053881-434E-4F95-8B2B-68A3CB109B8D}.Release|Any CPU.ActiveCfg = Release|Any CPU
		{56053881-434E-4F95-8B2B-68A3CB109B8D}.Release|Any CPU.Build.0 = Release|Any CPU
	EndGlobalSection
	GlobalSection(SolutionProperties) = preSolution
		HideSolutionNode = FALSE
	EndGlobalSection
	GlobalSection(ExtensibilityGlobals) = postSolution
		SolutionGuid = {0BF7E49F-FFAA-4887-9DD9-5127A30C992B}
	EndGlobalSection
EndGlobal
